
Microsoft Visual Studio Solution File, Format Version 12.00
# Visual Studio Version 16
VisualStudioVersion = 16.0.30517.126
MinimumVisualStudioVersion = 10.0.40219.1
Project("{8BC9CEB8-8B4A-11D0-8D11-00A0C91BC942}") = "Vjezba5", "Vjezba5.vcxproj", "{01BAF787-9AF0-4586-99C8-F92158C2D535}"
EndProject
Global
	GlobalSection(SolutionConfigurationPlatforms) = preSolution
		Debug|x64 = Debug|x64
		Debug|x86 = Debug|x86
		Release|x64 = Release|x64
		Release|x86 = Release|x86
	EndGlobalSection
	GlobalSection(ProjectConfigurationPlatforms) = postSolution
		{01BAF787-9AF0-4586-99C8-F92158C2D535}.Debug|x64.ActiveCfg = Debug|x64
		{01BAF787-9AF0-4586-99C8-F92158C2D535}.Debug|x64.Build.0 = Debug|x64
		{01BAF787-9AF0-4586-99C8-F92158C2D535}.Debug|x86.ActiveCfg = Debug|Win32
		{01BAF787-9AF0-4586-99C8-F92158C2D535}.Debug|x86.Build.0 = Debug|Win32
		{01BAF787-9AF0-4586-99C8-F92158C2D535}.Release|x64.ActiveCfg = Release|x64
		{01BAF787-9AF0-4586-99C8-F92158C2D535}.Release|x64.Build.0 = Release|x64
		{01BAF787-9AF0-4586-99C8-F92158C2D535}.Release|x86.ActiveCfg = Release|Win32
		{01BAF787-9AF0-4586-99C8-F92158C2D535}.Release|x86.Build.0 = Release|Win32
	EndGlobalSection
	GlobalSection(SolutionProperties) = preSolution
		HideSolutionNode = FALSE
	EndGlobalSection
	GlobalSection(ExtensibilityGlobals) = postSolution
		SolutionGuid = {31750BD4-2912-4A2E-A082-7703F6A5C75B}
	EndGlobalSection
EndGlobal
